{
    "aws/aws-sdk-php": {
        "version": "3.87.11"
    },
    "daverandom/resume": {
        "version": "v0.0.3"
    },
    "doctrine/annotations": {
        "version": "1.0",
        "recipe": {
            "repo": "github.com/symfony/recipes",
            "branch": "master",
            "version": "1.0",
            "ref": "cb4152ebcadbe620ea2261da1a1c5a9b8cea7672"
        }
    },
    "doctrine/cache": {
        "version": "v1.8.0"
    },
    "doctrine/collections": {
        "version": "v1.5.0"
    },
    "doctrine/common": {
        "version": "v2.10.0"
    },
    "doctrine/event-manager": {
        "version": "v1.0.0"
    },
    "doctrine/inflector": {
        "version": "v1.3.0"
    },
    "doctrine/lexer": {
        "version": "v1.0.1"
    },
    "doctrine/persistence": {
        "version": "v1.1.0"
    },
    "doctrine/reflection": {
        "version": "v1.0.0"
    },
    "guzzlehttp/guzzle": {
        "version": "6.3.3"
    },
    "guzzlehttp/promises": {
        "version": "v1.3.1"
    },
    "guzzlehttp/psr7": {
        "version": "1.5.2"
    },
    "league/flysystem": {
        "version": "1.0.50"
    },
    "league/flysystem-aws-s3-v3": {
        "version": "1.0.22"
    },
    "mtdowling/jmespath.php": {
        "version": "2.4.0"
    },
    "nikic/php-parser": {
        "version": "v4.2.0"
    },
    "psr/cache": {
        "version": "1.0.1"
    },
    "psr/container": {
        "version": "1.0.0"
    },
    "psr/http-message": {
        "version": "1.0.1"
    },
    "psr/log": {
        "version": "1.1.0"
    },
    "psr/simple-cache": {
        "version": "1.0.1"
    },
    "ralouphie/getallheaders": {
        "version": "2.0.5"
    },
    "sensio/framework-extra-bundle": {
        "version": "5.2",
        "recipe": {
            "repo": "github.com/symfony/recipes",
            "branch": "master",
            "version": "5.2",
            "ref": "fb7e19da7f013d0d422fa9bce16f5c510e27609b"
        }
    },
    "symfony/cache": {
        "version": "v4.2.3"
    },
    "symfony/config": {
        "version": "v4.2.3"
    },
    "symfony/console": {
        "version": "3.3",
        "recipe": {
            "repo": "github.com/symfony/recipes",
            "branch": "master",
            "version": "3.3",
            "ref": "0fa049c19069a65f52c1c181d64be3de672c1504"
        }
    },
    "symfony/contracts": {
        "version": "v1.0.2"
    },
    "symfony/debug": {
        "version": "v4.2.3"
    },
    "symfony/dependency-injection": {
        "version": "v4.2.3"
    },
    "symfony/dotenv": {
        "version": "v4.2.3"
    },
    "symfony/event-dispatcher": {
        "version": "v4.2.3"
    },
    "symfony/filesystem": {
        "version": "v4.2.3"
    },
    "symfony/finder": {
        "version": "v4.2.3"
    },
    "symfony/flex": {
        "version": "1.0",
        "recipe": {
            "repo": "github.com/symfony/recipes",
            "branch": "master",
            "version": "1.0",
            "ref": "dc3fc2e0334a4137c47cfd5a3ececc601fa61a0b"
        }
    },
    "symfony/form": {
        "version": "v4.2.3"
    },
    "symfony/framework-bundle": {
        "version": "4.2",
        "recipe": {
            "repo": "github.com/symfony/recipes",
            "branch": "master",
            "version": "4.2",
            "ref": "5bb3a8c27df824d195fa68bb635d074854f8498f"
        }
    },
    "symfony/http-foundation": {
        "version": "v4.2.3"
    },
    "symfony/http-kernel": {
        "version": "v4.2.3"
    },
    "symfony/inflector": {
        "version": "v4.2.3"
    },
    "symfony/intl": {
        "version": "v4.2.3"
    },
    "symfony/maker-bundle": {
        "version": "1.0",
        "recipe": {
            "repo": "github.com/symfony/recipes",
            "branch": "master",
            "version": "1.0",
            "ref": "fadbfe33303a76e25cb63401050439aa9b1a9c7f"
        }
    },
    "symfony/options-resolver": {
        "version": "v4.2.3"
    },
    "symfony/polyfill-intl-icu": {
        "version": "v1.10.0"
    },
    "symfony/polyfill-mbstring": {
        "version": "v1.10.0"
    },
    "symfony/polyfill-php72": {
        "version": "v1.10.0"
    },
    "symfony/process": {
        "version": "v4.2.3"
    },
    "symfony/property-access": {
        "version": "v4.2.3"
    },
    "symfony/routing": {
        "version": "4.2",
        "recipe": {
            "repo": "github.com/symfony/recipes",
            "branch": "master",
            "version": "4.2",
            "ref": "5374e24d508ba8fd6ba9eb15170255fdb778316a"
        }
    },
    "symfony/twig-bridge": {
        "version": "v4.2.3"
    },
    "symfony/twig-bundle": {
        "version": "3.3",
        "recipe": {
            "repo": "github.com/symfony/recipes",
            "branch": "master",
            "version": "3.3",
            "ref": "369b5b29dc52b2c190002825ae7ec24ab6f962dd"
        }
    },
    "symfony/validator": {
        "version": "4.1",
        "recipe": {
            "repo": "github.com/symfony/recipes",
            "branch": "master",
            "version": "4.1",
            "ref": "0cdc982334f45d554957a6167e030482795bf9d7"
        }
    },
    "symfony/var-dumper": {
        "version": "v4.2.3"
    },
    "symfony/var-exporter": {
        "version": "v4.2.3"
    },
    "symfony/web-server-bundle": {
        "version": "3.3",
        "recipe": {
            "repo": "github.com/symfony/recipes",
            "branch": "master",
            "version": "3.3",
            "ref": "dae9b39fd6717970be7601101ce5aa960bf53d9a"
        }
    },
    "symfony/yaml": {
        "version": "v4.2.3"
    },
    "twig/twig": {
        "version": "v2.6.2"
    }
}
